
Microsoft Visual Studio Solution File, Format Version 12.00
# Visual Studio Version 16
VisualStudioVersion = 16.0.29326.143
MinimumVisualStudioVersion = 10.0.40219.1
Project("{9A19103F-16F7-4668-BE54-9A1E7A4F7556}") = "MiriumTest", "MiriumTest\MiriumTest.csproj", "{1F4437F0-A205-4134-A76E-2FC0B77DD9D1}"
EndProject
Project("{FAE04EC0-301F-11D3-BF4B-00C04F79EFBC}") = "UnitTest", "UnitTest\UnitTest.csproj", "{D7253D66-981B-4410-9980-E4C7E8496935}"
EndProject
Global
	GlobalSection(SolutionConfigurationPlatforms) = preSolution
		Debug|Any CPU = Debug|Any CPU
		Release|Any CPU = Release|Any CPU
	EndGlobalSection
	GlobalSection(ProjectConfigurationPlatforms) = postSolution
		{1F4437F0-A205-4134-A76E-2FC0B77DD9D1}.Debug|Any CPU.ActiveCfg = Debug|Any CPU
		{1F4437F0-A205-4134-A76E-2FC0B77DD9D1}.Debug|Any CPU.Build.0 = Debug|Any CPU
		{1F4437F0-A205-4134-A76E-2FC0B77DD9D1}.Release|Any CPU.ActiveCfg = Release|Any CPU
		{1F4437F0-A205-4134-A76E-2FC0B77DD9D1}.Release|Any CPU.Build.0 = Release|Any CPU
		{D7253D66-981B-4410-9980-E4C7E8496935}.Debug|Any CPU.ActiveCfg = Debug|Any CPU
		{D7253D66-981B-4410-9980-E4C7E8496935}.Debug|Any CPU.Build.0 = Debug|Any CPU
		{D7253D66-981B-4410-9980-E4C7E8496935}.Release|Any CPU.ActiveCfg = Release|Any CPU
		{D7253D66-981B-4410-9980-E4C7E8496935}.Release|Any CPU.Build.0 = Release|Any CPU
	EndGlobalSection
	GlobalSection(SolutionProperties) = preSolution
		HideSolutionNode = FALSE
	EndGlobalSection
	GlobalSection(ExtensibilityGlobals) = postSolution
		SolutionGuid = {4032F30B-47D9-4FFB-9E2A-ACB6DD7A416F}
	EndGlobalSection
EndGlobal
